
Microsoft Visual Studio Solution File, Format Version 11.00
# Visual Studio 2010
Project("{FAE04EC0-301F-11D3-BF4B-00C04F79EFBC}") = "LCD-Lights", "LCD-Lights\LCD-Lights.csproj", "{9D56F8A9-EE2F-48E3-8BDE-41C875E39DB6}"
EndProject
Global
	GlobalSection(SolutionConfigurationPlatforms) = preSolution
		Debug|x86 = Debug|x86
		Release|x86 = Release|x86
	EndGlobalSection
	GlobalSection(ProjectConfigurationPlatforms) = postSolution
		{9D56F8A9-EE2F-48E3-8BDE-41C875E39DB6}.Debug|x86.ActiveCfg = Debug|x86
		{9D56F8A9-EE2F-48E3-8BDE-41C875E39DB6}.Debug|x86.Build.0 = Debug|x86
		{9D56F8A9-EE2F-48E3-8BDE-41C875E39DB6}.Release|x86.ActiveCfg = Release|x86
		{9D56F8A9-EE2F-48E3-8BDE-41C875E39DB6}.Release|x86.Build.0 = Release|x86
	EndGlobalSection
	GlobalSection(SolutionProperties) = preSolution
		HideSolutionNode = FALSE
	EndGlobalSection
EndGlobal
